
Microsoft Visual Studio Solution File, Format Version 12.00
# Visual Studio Version 17
VisualStudioVersion = 17.7.34024.191
MinimumVisualStudioVersion = 10.0.40219.1
Project("{9A19103F-16F7-4668-BE54-9A1E7A4F7556}") = "Firma", "Firma\Firma.csproj", "{06C9DBC9-E3FD-4B7C-9AA7-48F894F11602}"
EndProject
Project("{FAE04EC0-301F-11D3-BF4B-00C04F79EFBC}") = "ZespolGUI", "ZespolGUI\ZespolGUI.csproj", "{5596692B-3CE7-4A44-8B5B-E7AD0FD564A2}"
EndProject
Global
	GlobalSection(SolutionConfigurationPlatforms) = preSolution
		Debug|Any CPU = Debug|Any CPU
		Release|Any CPU = Release|Any CPU
	EndGlobalSection
	GlobalSection(ProjectConfigurationPlatforms) = postSolution
		{06C9DBC9-E3FD-4B7C-9AA7-48F894F11602}.Debug|Any CPU.ActiveCfg = Debug|Any CPU
		{06C9DBC9-E3FD-4B7C-9AA7-48F894F11602}.Debug|Any CPU.Build.0 = Debug|Any CPU
		{06C9DBC9-E3FD-4B7C-9AA7-48F894F11602}.Release|Any CPU.ActiveCfg = Release|Any CPU
		{06C9DBC9-E3FD-4B7C-9AA7-48F894F11602}.Release|Any CPU.Build.0 = Release|Any CPU
		{5596692B-3CE7-4A44-8B5B-E7AD0FD564A2}.Debug|Any CPU.ActiveCfg = Debug|Any CPU
		{5596692B-3CE7-4A44-8B5B-E7AD0FD564A2}.Debug|Any CPU.Build.0 = Debug|Any CPU
		{5596692B-3CE7-4A44-8B5B-E7AD0FD564A2}.Release|Any CPU.ActiveCfg = Release|Any CPU
		{5596692B-3CE7-4A44-8B5B-E7AD0FD564A2}.Release|Any CPU.Build.0 = Release|Any CPU
	EndGlobalSection
	GlobalSection(SolutionProperties) = preSolution
		HideSolutionNode = FALSE
	EndGlobalSection
	GlobalSection(ExtensibilityGlobals) = postSolution
		SolutionGuid = {DFB12228-893F-4A10-852E-C4FB79D2060F}
	EndGlobalSection
EndGlobal
